
Microsoft Visual Studio Solution File, Format Version 12.00
# Visual Studio Version 17
VisualStudioVersion = 17.0.32002.185
MinimumVisualStudioVersion = 10.0.40219.1
Project("{9A19103F-16F7-4668-BE54-9A1E7A4F7556}") = "AAI-Final-Assignment-WinForms", "AAI-Final-Assignment-WinForms\AAI-Final-Assignment-WinForms.csproj", "{19F95D6E-6385-448C-9A78-B65FA225811F}"
EndProject
Global
	GlobalSection(SolutionConfigurationPlatforms) = preSolution
		Debug|Any CPU = Debug|Any CPU
		Release|Any CPU = Release|Any CPU
	EndGlobalSection
	GlobalSection(ProjectConfigurationPlatforms) = postSolution
		{19F95D6E-6385-448C-9A78-B65FA225811F}.Debug|Any CPU.ActiveCfg = Debug|Any CPU
		{19F95D6E-6385-448C-9A78-B65FA225811F}.Debug|Any CPU.Build.0 = Debug|Any CPU
		{19F95D6E-6385-448C-9A78-B65FA225811F}.Release|Any CPU.ActiveCfg = Release|Any CPU
		{19F95D6E-6385-448C-9A78-B65FA225811F}.Release|Any CPU.Build.0 = Release|Any CPU
	EndGlobalSection
	GlobalSection(SolutionProperties) = preSolution
		HideSolutionNode = FALSE
	EndGlobalSection
	GlobalSection(ExtensibilityGlobals) = postSolution
		SolutionGuid = {FC223576-53DC-4D04-BD59-33ECBAEAD906}
	EndGlobalSection
EndGlobal
